<?xml version="1.0" encoding="utf-8"?>
<Project ToolsVersion="4.0" xmlns="http://schemas.microsoft.com/developer/msbuild/2003">
  <ItemGroup>
    <Filter Include="Source Files">
      <UniqueIdentifier>{4FC737F1-C7A5-4376-A066-2A32D752A2FF}</UniqueIdentifier>
      <Extensions>cpp;c;cc;cxx;c++;cppm;ixx;def;odl;idl;hpj;bat;asm;asmx</Extensions>
    </Filter>
    <Filter Include="Header Files">
      <UniqueIdentifier>{93995380-89BD-4b04-88EB-625FBE52EBFB}</UniqueIdentifier>
      <Extensions>h;hh;hpp;hxx;h++;hm;inl;inc;ipp;xsd</Extensions>
    </Filter>
    <Filter Include="Resource Files">
      <UniqueIdentifier>{67DA6AB6-F800-4c08-8B7A-83BB121AAD01}</UniqueIdentifier>
      <Extensions>rc;ico;cur;bmp;dlg;rc2;rct;bin;rgs;gif;jpg;jpeg;jpe;resx;tiff;tif;png;wav;mfcribbon-ms</Extensions>
    </Filter>
    <Filter Include="Source Files\Dry_Run_Questions">
      <UniqueIdentifier>{c2db3de1-9230-4dd7-8c6b-f7726d76bd9f}</UniqueIdentifier>
    </Filter>
    <Filter Include="Source Files\MamFolder">
      <UniqueIdentifier>{ce0552aa-d661-4bfb-8b0b-3fdef71e0f0e}</UniqueIdentifier>
    </Filter>
    <Filter Include="Source Files\Past Papers">
      <UniqueIdentifier>{67bb62f5-6a60-4c10-9134-225f8bf12328}</UniqueIdentifier>
    </Filter>
  </ItemGroup>
  <ItemGroup>
    <ClCompile Include="pointers_1.cpp">
      <Filter>Source Files</Filter>
    </ClCompile>
    <ClCompile Include="doublePointers.cpp">
      <Filter>Source Files</Filter>
    </ClCompile>
    <ClCompile Include="class_references.cpp">
      <Filter>Source Files</Filter>
    </ClCompile>
    <ClCompile Include="constructors.cpp">
      <Filter>Source Files</Filter>
    </ClCompile>
    <ClCompile Include="static_class_members.cpp">
      <Filter>Source Files</Filter>
    </ClCompile>
    <ClCompile Include="static_class_functions.cpp">
      <Filter>Source Files</Filter>
    </ClCompile>
    <ClCompile Include="member_initializer_list.cpp">
      <Filter>Source Files</Filter>
    </ClCompile>
    <ClCompile Include="cascading_calls.cpp">
      <Filter>Source Files</Filter>
    </ClCompile>
    <ClCompile Include="finals_1.cpp">
      <Filter>Source Files</Filter>
    </ClCompile>
    <ClCompile Include="DryRuns.cpp">
      <Filter>Source Files</Filter>
    </ClCompile>
    <ClCompile Include="manual_9.cpp">
      <Filter>Source Files</Filter>
    </ClCompile>
    <ClCompile Include="destructors_dryrun.cpp">
      <Filter>Source Files</Filter>
    </ClCompile>
    <ClCompile Include="final_2013.cpp">
      <Filter>Source Files</Filter>
    </ClCompile>
    <ClCompile Include="templates.cpp">
      <Filter>Source Files</Filter>
    </ClCompile>
    <ClCompile Include="13_question.cpp">
      <Filter>Source Files\Dry_Run_Questions</Filter>
    </ClCompile>
    <ClCompile Include="14_question.cpp">
      <Filter>Source Files\Dry_Run_Questions</Filter>
    </ClCompile>
    <ClCompile Include="15_question.cpp">
      <Filter>Source Files\Dry_Run_Questions</Filter>
    </ClCompile>
    <ClCompile Include="16_question.cpp">
      <Filter>Source Files\Dry_Run_Questions</Filter>
    </ClCompile>
    <ClCompile Include="1.cpp">
      <Filter>Source Files\MamFolder</Filter>
    </ClCompile>
    <ClCompile Include="1.2.pointershomework.cpp">
      <Filter>Source Files\MamFolder</Filter>
    </ClCompile>
    <ClCompile Include="2.1.cpp">
      <Filter>Source Files\MamFolder</Filter>
    </ClCompile>
    <ClCompile Include="2.2.cpp">
      <Filter>Source Files\MamFolder</Filter>
    </ClCompile>
    <ClCompile Include="2.3.cpp">
      <Filter>Source Files\MamFolder</Filter>
    </ClCompile>
    <ClCompile Include="main.cpp">
      <Filter>Source Files</Filter>
    </ClCompile>
    <ClCompile Include="2.4.cpp">
      <Filter>Source Files\MamFolder</Filter>
    </ClCompile>
    <ClCompile Include="3.2.cpp">
      <Filter>Source Files\MamFolder</Filter>
    </ClCompile>
    <ClCompile Include="2.4_assignment_1.cpp">
      <Filter>Source Files\MamFolder</Filter>
    </ClCompile>
    <ClCompile Include="3.3.cpp">
      <Filter>Source Files\MamFolder</Filter>
    </ClCompile>
    <ClCompile Include="2002 - Final - Spring - OOP.cpp">
      <Filter>Source Files\Past Papers</Filter>
    </ClCompile>
    <ClCompile Include="4.1.cpp">
      <Filter>Source Files\MamFolder</Filter>
    </ClCompile>
    <ClCompile Include="functions_passing.cpp">
      <Filter>Source Files</Filter>
    </ClCompile>
    <ClCompile Include="4.2.cpp">
      <Filter>Source Files\MamFolder</Filter>
    </ClCompile>
    <ClCompile Include="4.3.cpp">
      <Filter>Source Files\MamFolder</Filter>
    </ClCompile>
  </ItemGroup>
</Project>